
Microsoft Visual Studio Solution File, Format Version 12.00
# Visual Studio 14
VisualStudioVersion = 14.0.25420.1
MinimumVisualStudioVersion = 10.0.40219.1
Project("{FAE04EC0-301F-11D3-BF4B-00C04F79EFBC}") = "SomeDesignPatterns", "SomeDesignPatterns\SomeDesignPatterns.csproj", "{9AE9E488-A93C-4CB4-ABD4-E835CCD82FF6}"
EndProject
Project("{FAE04EC0-301F-11D3-BF4B-00C04F79EFBC}") = "SOLID", "SOLID\SOLID.csproj", "{B9161F02-2C06-4B8D-ADEE-2F9BAC5508AB}"
EndProject
Global
	GlobalSection(SolutionConfigurationPlatforms) = preSolution
		Debug|Any CPU = Debug|Any CPU
		Release|Any CPU = Release|Any CPU
	EndGlobalSection
	GlobalSection(ProjectConfigurationPlatforms) = postSolution
		{9AE9E488-A93C-4CB4-ABD4-E835CCD82FF6}.Debug|Any CPU.ActiveCfg = Debug|Any CPU
		{9AE9E488-A93C-4CB4-ABD4-E835CCD82FF6}.Debug|Any CPU.Build.0 = Debug|Any CPU
		{9AE9E488-A93C-4CB4-ABD4-E835CCD82FF6}.Release|Any CPU.ActiveCfg = Release|Any CPU
		{9AE9E488-A93C-4CB4-ABD4-E835CCD82FF6}.Release|Any CPU.Build.0 = Release|Any CPU
		{B9161F02-2C06-4B8D-ADEE-2F9BAC5508AB}.Debug|Any CPU.ActiveCfg = Debug|Any CPU
		{B9161F02-2C06-4B8D-ADEE-2F9BAC5508AB}.Debug|Any CPU.Build.0 = Debug|Any CPU
		{B9161F02-2C06-4B8D-ADEE-2F9BAC5508AB}.Release|Any CPU.ActiveCfg = Release|Any CPU
		{B9161F02-2C06-4B8D-ADEE-2F9BAC5508AB}.Release|Any CPU.Build.0 = Release|Any CPU
	EndGlobalSection
	GlobalSection(SolutionProperties) = preSolution
		HideSolutionNode = FALSE
	EndGlobalSection
EndGlobal
