
Microsoft Visual Studio Solution File, Format Version 12.00
# Visual Studio Version 16
VisualStudioVersion = 16.0.30804.86
MinimumVisualStudioVersion = 10.0.40219.1
Project("{FAE04EC0-301F-11D3-BF4B-00C04F79EFBC}") = "Practical_Use-Cases", "Practical_Use-Cases\Practical_Use-Cases.csproj", "{1DEF290E-1FE2-4A83-9130-967ADBD0BFF7}"
EndProject
Global
	GlobalSection(SolutionConfigurationPlatforms) = preSolution
		Debug|Any CPU = Debug|Any CPU
		Release|Any CPU = Release|Any CPU
	EndGlobalSection
	GlobalSection(ProjectConfigurationPlatforms) = postSolution
		{1DEF290E-1FE2-4A83-9130-967ADBD0BFF7}.Debug|Any CPU.ActiveCfg = Debug|Any CPU
		{1DEF290E-1FE2-4A83-9130-967ADBD0BFF7}.Debug|Any CPU.Build.0 = Debug|Any CPU
		{1DEF290E-1FE2-4A83-9130-967ADBD0BFF7}.Release|Any CPU.ActiveCfg = Release|Any CPU
		{1DEF290E-1FE2-4A83-9130-967ADBD0BFF7}.Release|Any CPU.Build.0 = Release|Any CPU
	EndGlobalSection
	GlobalSection(SolutionProperties) = preSolution
		HideSolutionNode = FALSE
	EndGlobalSection
	GlobalSection(ExtensibilityGlobals) = postSolution
		SolutionGuid = {C8717D75-77F2-4D34-9A08-BE494E390F9A}
	EndGlobalSection
EndGlobal
